
Microsoft Visual Studio Solution File, Format Version 12.00
# Visual Studio 15
VisualStudioVersion = 15.0.27703.2047
MinimumVisualStudioVersion = 10.0.40219.1
Project("{FAE04EC0-301F-11D3-BF4B-00C04F79EFBC}") = "09. CS - TODO List", "09. CS - TODO List\09. CS - TODO List.csproj", "{4A1B0226-C0E2-4566-81D9-89D16AFBFE82}"
EndProject
Global
	GlobalSection(SolutionConfigurationPlatforms) = preSolution
		Debug|Any CPU = Debug|Any CPU
		Release|Any CPU = Release|Any CPU
	EndGlobalSection
	GlobalSection(ProjectConfigurationPlatforms) = postSolution
		{4A1B0226-C0E2-4566-81D9-89D16AFBFE82}.Debug|Any CPU.ActiveCfg = Debug|Any CPU
		{4A1B0226-C0E2-4566-81D9-89D16AFBFE82}.Debug|Any CPU.Build.0 = Debug|Any CPU
		{4A1B0226-C0E2-4566-81D9-89D16AFBFE82}.Release|Any CPU.ActiveCfg = Release|Any CPU
		{4A1B0226-C0E2-4566-81D9-89D16AFBFE82}.Release|Any CPU.Build.0 = Release|Any CPU
	EndGlobalSection
	GlobalSection(SolutionProperties) = preSolution
		HideSolutionNode = FALSE
	EndGlobalSection
	GlobalSection(ExtensibilityGlobals) = postSolution
		SolutionGuid = {FF061C6C-43A6-42B7-9CBB-9BB5861FFBEF}
	EndGlobalSection
EndGlobal
